
Microsoft Visual Studio Solution File, Format Version 12.00
# Visual Studio 15
VisualStudioVersion = 15.0.26228.9
MinimumVisualStudioVersion = 10.0.40219.1
Project("{9A19103F-16F7-4668-BE54-9A1E7A4F7556}") = "ProductCatalog", "ProductCatalog\ProductCatalog.csproj", "{2A89FAA1-07CA-4F62-992D-C8362EAB1633}"
EndProject
Project("{9A19103F-16F7-4668-BE54-9A1E7A4F7556}") = "ProductCatalog.Repository", "ProductCatalog.Repository\ProductCatalog.Repository.csproj", "{C194B81E-7C15-4CA3-90DB-EBB8B37CAFDF}"
EndProject
Project("{E53339B2-1760-4266-BCC7-CA923CBCF16C}") = "docker-compose", "docker-compose.dcproj", "{D6C1119C-9B17-44B5-A65D-68517ADA8C0E}"
EndProject
Global
	GlobalSection(SolutionConfigurationPlatforms) = preSolution
		Debug|Any CPU = Debug|Any CPU
		Release|Any CPU = Release|Any CPU
	EndGlobalSection
	GlobalSection(ProjectConfigurationPlatforms) = postSolution
		{2A89FAA1-07CA-4F62-992D-C8362EAB1633}.Debug|Any CPU.ActiveCfg = Debug|Any CPU
		{2A89FAA1-07CA-4F62-992D-C8362EAB1633}.Debug|Any CPU.Build.0 = Debug|Any CPU
		{2A89FAA1-07CA-4F62-992D-C8362EAB1633}.Release|Any CPU.ActiveCfg = Release|Any CPU
		{2A89FAA1-07CA-4F62-992D-C8362EAB1633}.Release|Any CPU.Build.0 = Release|Any CPU
		{C194B81E-7C15-4CA3-90DB-EBB8B37CAFDF}.Debug|Any CPU.ActiveCfg = Debug|Any CPU
		{C194B81E-7C15-4CA3-90DB-EBB8B37CAFDF}.Debug|Any CPU.Build.0 = Debug|Any CPU
		{C194B81E-7C15-4CA3-90DB-EBB8B37CAFDF}.Release|Any CPU.ActiveCfg = Release|Any CPU
		{C194B81E-7C15-4CA3-90DB-EBB8B37CAFDF}.Release|Any CPU.Build.0 = Release|Any CPU
		{D6C1119C-9B17-44B5-A65D-68517ADA8C0E}.Debug|Any CPU.ActiveCfg = Debug|Any CPU
		{D6C1119C-9B17-44B5-A65D-68517ADA8C0E}.Debug|Any CPU.Build.0 = Debug|Any CPU
		{D6C1119C-9B17-44B5-A65D-68517ADA8C0E}.Release|Any CPU.ActiveCfg = Release|Any CPU
		{D6C1119C-9B17-44B5-A65D-68517ADA8C0E}.Release|Any CPU.Build.0 = Release|Any CPU
	EndGlobalSection
	GlobalSection(SolutionProperties) = preSolution
		HideSolutionNode = FALSE
	EndGlobalSection
EndGlobal
